Microsoft Visual Studio Solution File, Format Version 11.00
# Visual Studio 2008

Project("{35C16224-3EE7-31A0-353E-A6E3AB2B5233}") = "ostinato", "Assembly-CSharp.csproj", "{6555677E-AFF0-9E5F-0A73-932DEDFA80AF}"
EndProject
Global
	GlobalSection(SolutionConfigurationPlatforms) = preSolution
		Debug|Any CPU = Debug|Any CPU
		Release|Any CPU = Release|Any CPU
	EndGlobalSection
	GlobalSection(ProjectConfigurationPlatforms) = postSolution
		{6555677E-AFF0-9E5F-0A73-932DEDFA80AF}.Debug|Any CPU.ActiveCfg = Debug|Any CPU
		{6555677E-AFF0-9E5F-0A73-932DEDFA80AF}.Debug|Any CPU.Build.0 = Debug|Any CPU
		{6555677E-AFF0-9E5F-0A73-932DEDFA80AF}.Release|Any CPU.ActiveCfg = Release|Any CPU
		{6555677E-AFF0-9E5F-0A73-932DEDFA80AF}.Release|Any CPU.Build.0 = Release|Any CPU
	EndGlobalSection
	GlobalSection(SolutionProperties) = preSolution
		HideSolutionNode = FALSE
	EndGlobalSection
	GlobalSection(MonoDevelopProperties) = preSolution
		StartupItem = Assembly-CSharp.csproj
	EndGlobalSection
EndGlobal
